
Microsoft Visual Studio Solution File, Format Version 12.00
# Visual Studio Version 16
VisualStudioVersion = 16.0.30225.117
MinimumVisualStudioVersion = 10.0.40219.1
Project("{FAE04EC0-301F-11D3-BF4B-00C04F79EFBC}") = "Практика", "Практика.csproj", "{BD9776F5-E521-4240-9A56-91D543AE141E}"
EndProject
Global
	GlobalSection(SolutionConfigurationPlatforms) = preSolution
		Debug|Any CPU = Debug|Any CPU
		Release|Any CPU = Release|Any CPU
	EndGlobalSection
	GlobalSection(ProjectConfigurationPlatforms) = postSolution
		{BD9776F5-E521-4240-9A56-91D543AE141E}.Debug|Any CPU.ActiveCfg = Debug|Any CPU
		{BD9776F5-E521-4240-9A56-91D543AE141E}.Debug|Any CPU.Build.0 = Debug|Any CPU
		{BD9776F5-E521-4240-9A56-91D543AE141E}.Release|Any CPU.ActiveCfg = Release|Any CPU
		{BD9776F5-E521-4240-9A56-91D543AE141E}.Release|Any CPU.Build.0 = Release|Any CPU
	EndGlobalSection
	GlobalSection(SolutionProperties) = preSolution
		HideSolutionNode = FALSE
	EndGlobalSection
	GlobalSection(ExtensibilityGlobals) = postSolution
		SolutionGuid = {85EB07CE-0161-4F93-80F5-A7B5F47610CC}
	EndGlobalSection
EndGlobal
